<?xml version="1.0" encoding="utf-8"?>
<Project ToolsVersion="4.0" xmlns="http://schemas.microsoft.com/developer/msbuild/2003">
  <ItemGroup>
    <Filter Include="Source Files">
      <UniqueIdentifier>{4FC737F1-C7A5-4376-A066-2A32D752A2FF}</UniqueIdentifier>
      <Extensions>cpp;c;cxx;def;odl;idl;hpj;bat;asm;asmx</Extensions>
    </Filter>
    <Filter Include="Header Files">
      <UniqueIdentifier>{93995380-89BD-4b04-88EB-625FBE52EBFB}</UniqueIdentifier>
      <Extensions>h;hpp;hxx;hm;inl;inc;xsd</Extensions>
    </Filter>
    <Filter Include="Header Files\VG">
      <UniqueIdentifier>{441292d2-9c33-46eb-a693-7d0565adcdef}</UniqueIdentifier>
    </Filter>
  </ItemGroup>
  <ItemGroup>
    <ClCompile Include="src\egl.c">
      <Filter>Source Files</Filter>
    </ClCompile>
    <ClCompile Include="src\shArrays.c">
      <Filter>Source Files</Filter>
    </ClCompile>
    <ClCompile Include="src\shContext.c">
      <Filter>Source Files</Filter>
    </ClCompile>
    <ClCompile Include="src\shExtensions.c">
      <Filter>Source Files</Filter>
    </ClCompile>
    <ClCompile Include="src\shGeometry.c">
      <Filter>Source Files</Filter>
    </ClCompile>
    <ClCompile Include="src\shImage.c">
      <Filter>Source Files</Filter>
    </ClCompile>
    <ClCompile Include="src\ShivaVG_mod.c">
      <Filter>Source Files</Filter>
    </ClCompile>
    <ClCompile Include="src\shPaint.c">
      <Filter>Source Files</Filter>
    </ClCompile>
    <ClCompile Include="src\shParams.c">
      <Filter>Source Files</Filter>
    </ClCompile>
    <ClCompile Include="src\shPath.c">
      <Filter>Source Files</Filter>
    </ClCompile>
    <ClCompile Include="src\shPipeline.c">
      <Filter>Source Files</Filter>
    </ClCompile>
    <ClCompile Include="src\shVectors.c">
      <Filter>Source Files</Filter>
    </ClCompile>
    <ClCompile Include="src\shVgu.c">
      <Filter>Source Files</Filter>
    </ClCompile>
    <ClCompile Include="src\vxlib.c">
      <Filter>Source Files</Filter>
    </ClCompile>
  </ItemGroup>
  <ItemGroup>
    <ClInclude Include="src\egl_types.h">
      <Filter>Header Files</Filter>
    </ClInclude>
    <ClInclude Include="src\shArrayBase.h">
      <Filter>Header Files</Filter>
    </ClInclude>
    <ClInclude Include="src\shArrays.h">
      <Filter>Header Files</Filter>
    </ClInclude>
    <ClInclude Include="src\shContext.h">
      <Filter>Header Files</Filter>
    </ClInclude>
    <ClInclude Include="src\shDefs.h">
      <Filter>Header Files</Filter>
    </ClInclude>
    <ClInclude Include="src\shExtensions.h">
      <Filter>Header Files</Filter>
    </ClInclude>
    <ClInclude Include="src\shGeometry.h">
      <Filter>Header Files</Filter>
    </ClInclude>
    <ClInclude Include="src\shImage.h">
      <Filter>Header Files</Filter>
    </ClInclude>
    <ClInclude Include="src\shPaint.h">
      <Filter>Header Files</Filter>
    </ClInclude>
    <ClInclude Include="src\shPath.h">
      <Filter>Header Files</Filter>
    </ClInclude>
    <ClInclude Include="src\shVectors.h">
      <Filter>Header Files</Filter>
    </ClInclude>
    <ClInclude Include="src\vxlib.h">
      <Filter>Header Files</Filter>
    </ClInclude>
    <ClInclude Include="src\egl.h">
      <Filter>Header Files\VG</Filter>
    </ClInclude>
    <ClInclude Include="include\Vg\openvg.h">
      <Filter>Header Files\VG</Filter>
    </ClInclude>
    <ClInclude Include="include\Vg\vgu.h">
      <Filter>Header Files\VG</Filter>
    </ClInclude>
  </ItemGroup>
  <ItemGroup>
    <Library Include="lib\glut32.lib" />
    <Library Include="lib\libjpeg.lib" />
  </ItemGroup>
</Project>